
Microsoft Visual Studio Solution File, Format Version 12.00
# Visual Studio Version 17
VisualStudioVersion = 17.11.35222.181
MinimumVisualStudioVersion = 10.0.40219.1
Project("{FAE04EC0-301F-11D3-BF4B-00C04F79EFBC}") = "MVCProject", "MVCProject\MVCProject.csproj", "{F8ADF3A2-9A83-44CC-8379-C52E6556B91A}"
EndProject
Global
	GlobalSection(SolutionConfigurationPlatforms) = preSolution
		Debug|Any CPU = Debug|Any CPU
		Release|Any CPU = Release|Any CPU
	EndGlobalSection
	GlobalSection(ProjectConfigurationPlatforms) = postSolution
		{F8ADF3A2-9A83-44CC-8379-C52E6556B91A}.Debug|Any CPU.ActiveCfg = Debug|Any CPU
		{F8ADF3A2-9A83-44CC-8379-C52E6556B91A}.Debug|Any CPU.Build.0 = Debug|Any CPU
		{F8ADF3A2-9A83-44CC-8379-C52E6556B91A}.Release|Any CPU.ActiveCfg = Release|Any CPU
		{F8ADF3A2-9A83-44CC-8379-C52E6556B91A}.Release|Any CPU.Build.0 = Release|Any CPU
	EndGlobalSection
	GlobalSection(SolutionProperties) = preSolution
		HideSolutionNode = FALSE
	EndGlobalSection
	GlobalSection(ExtensibilityGlobals) = postSolution
		SolutionGuid = {C6C5C5E1-1951-40AD-962F-F98F7A5F6095}
	EndGlobalSection
EndGlobal
